PODS:
  - Flutter (1.0.0)
  - flutter_klaviyo (0.1.0):
    - Flutter
    - KlaviyoSwift (~> 1.5.0)
  - KlaviyoSwift (1.5.0)

DEPENDENCIES:
  - Flutter (from `Flutter`)
  - flutter_klaviyo (from `.symlinks/plugins/flutter_klaviyo/ios`)

SPEC REPOS:
  trunk:
    - KlaviyoSwift

EXTERNAL SOURCES:
  Flutter:
    :path: Flutter
  flutter_klaviyo:
    :path: ".symlinks/plugins/flutter_klaviyo/ios"

SPEC CHECKSUMS:
  Flutter: 434fef37c0980e73bb6479ef766c45957d4b510c
  flutter_klaviyo: 8a5eab5c7855154a27fb6c40226df6321aedd48e
  KlaviyoSwift: 7627dd618a02c58b593f17e7be2018e545a4b33b

PODFILE CHECKSUM: a75497545d4391e2d394c3668e20cfb1c2bbd4aa

COCOAPODS: 1.10.1
